<?xml version="1.0" encoding="utf-8"?>
<Project ToolsVersion="4.0" xmlns="http://schemas.microsoft.com/developer/msbuild/2003">
  <ItemGroup>
    <Filter Include="ImGui">
      <UniqueIdentifier>{C0FF640D-2C14-8DBE-F595-301E616989EF}</UniqueIdentifier>
    </Filter>
    <Filter Include="Platform">
      <UniqueIdentifier>{2AC788B4-1694-E3BF-3FAD-D1672BD9184E}</UniqueIdentifier>
    </Filter>
    <Filter Include="Platform\OpenGL">
      <UniqueIdentifier>{1E7D2C1D-8A08-9AE1-9319-1DD6FF23F6E1}</UniqueIdentifier>
    </Filter>
    <Filter Include="Platform\Windows">
      <UniqueIdentifier>{64FBD71A-50F4-F66C-7926-DCF1657ED678}</UniqueIdentifier>
    </Filter>
    <Filter Include="Vulture">
      <UniqueIdentifier>{FC8A9FF8-686A-1E94-7182-A96ADDE084F5}</UniqueIdentifier>
    </Filter>
    <Filter Include="Vulture\events">
      <UniqueIdentifier>{80976853-6C65-5C59-55F9-CC7F416638BE}</UniqueIdentifier>
    </Filter>
  </ItemGroup>
  <ItemGroup>
    <ClInclude Include="src\ImGui\ImGuiLayer.h">
      <Filter>ImGui</Filter>
    </ClInclude>
    <ClInclude Include="src\Platform\OpenGL\ImGuiOpenGLRenderer.h">
      <Filter>Platform\OpenGL</Filter>
    </ClInclude>
    <ClInclude Include="src\Platform\Windows\WindowsWindow.h">
      <Filter>Platform\Windows</Filter>
    </ClInclude>
    <ClInclude Include="src\Vulture.h" />
    <ClInclude Include="src\Vulture\Application.h">
      <Filter>Vulture</Filter>
    </ClInclude>
    <ClInclude Include="src\Vulture\Core.h">
      <Filter>Vulture</Filter>
    </ClInclude>
    <ClInclude Include="src\Vulture\EntryPoint.h">
      <Filter>Vulture</Filter>
    </ClInclude>
    <ClInclude Include="src\Vulture\Layer.h">
      <Filter>Vulture</Filter>
    </ClInclude>
    <ClInclude Include="src\Vulture\LayerStack.h">
      <Filter>Vulture</Filter>
    </ClInclude>
    <ClInclude Include="src\Vulture\Log.h">
      <Filter>Vulture</Filter>
    </ClInclude>
    <ClInclude Include="src\Vulture\Window.h">
      <Filter>Vulture</Filter>
    </ClInclude>
    <ClInclude Include="src\Vulture\events\ApplicationEvent.h">
      <Filter>Vulture\events</Filter>
    </ClInclude>
    <ClInclude Include="src\Vulture\events\Event.h">
      <Filter>Vulture\events</Filter>
    </ClInclude>
    <ClInclude Include="src\Vulture\events\KeyEvent.h">
      <Filter>Vulture\events</Filter>
    </ClInclude>
    <ClInclude Include="src\Vulture\events\MouseEvent.h">
      <Filter>Vulture\events</Filter>
    </ClInclude>
    <ClInclude Include="src\vulpch.h" />
    <ClInclude Include="src\Vulture\Input.h" />
    <ClInclude Include="src\Platform\Windows\WindowsInput.h" />
    <ClInclude Include="src\Vulture\KeyCodes.h" />
    <ClInclude Include="src\Vulture\MouseButtonCodes.h" />
  </ItemGroup>
  <ItemGroup>
    <ClCompile Include="src\ImGui\ImGuiLayer.cpp">
      <Filter>ImGui</Filter>
    </ClCompile>
    <ClCompile Include="src\Platform\OpenGL\ImGuiOpenGLRenderer.cpp">
      <Filter>Platform\OpenGL</Filter>
    </ClCompile>
    <ClCompile Include="src\Platform\Windows\WindowsWindow.cpp">
      <Filter>Platform\Windows</Filter>
    </ClCompile>
    <ClCompile Include="src\Vulture\Application.cpp">
      <Filter>Vulture</Filter>
    </ClCompile>
    <ClCompile Include="src\Vulture\Layer.cpp">
      <Filter>Vulture</Filter>
    </ClCompile>
    <ClCompile Include="src\Vulture\LayerStack.cpp">
      <Filter>Vulture</Filter>
    </ClCompile>
    <ClCompile Include="src\Vulture\Log.cpp">
      <Filter>Vulture</Filter>
    </ClCompile>
    <ClCompile Include="src\vulpch.cpp" />
    <ClCompile Include="src\Platform\Windows\WindowsInput.cpp" />
  </ItemGroup>
</Project>