
Microsoft Visual Studio Solution File, Format Version 12.00
# Visual Studio 15
Project("{8BC9CEB8-8B4A-11D0-8D11-00A0C91BC942}") = "sandbox", "sandbox\sandbox.vcxproj", "{145A6C82-8039-EB1D-8951-76F4F5AF517F}"
EndProject
Project("{8BC9CEB8-8B4A-11D0-8D11-00A0C91BC942}") = "GLFW", "vulture_engine\vendor\GLFW\GLFW.vcxproj", "{154B857C-0182-860D-AA6E-6C109684020F}"
EndProject
Project("{8BC9CEB8-8B4A-11D0-8D11-00A0C91BC942}") = "vulture_engine", "vulture_engine\vulture_engine.vcxproj", "{716ECB29-5D3C-BF2F-46D0-2F56323D9B94}"
EndProject
Global
	GlobalSection(SolutionConfigurationPlatforms) = preSolution
		Debug|x64 = Debug|x64
		Dist|x64 = Dist|x64
		Release|x64 = Release|x64
	EndGlobalSection
	GlobalSection(ProjectConfigurationPlatforms) = postSolution
		{145A6C82-8039-EB1D-8951-76F4F5AF517F}.Debug|x64.ActiveCfg = Debug|x64
		{145A6C82-8039-EB1D-8951-76F4F5AF517F}.Debug|x64.Build.0 = Debug|x64
		{145A6C82-8039-EB1D-8951-76F4F5AF517F}.Dist|x64.ActiveCfg = Dist|x64
		{145A6C82-8039-EB1D-8951-76F4F5AF517F}.Dist|x64.Build.0 = Dist|x64
		{145A6C82-8039-EB1D-8951-76F4F5AF517F}.Release|x64.ActiveCfg = Release|x64
		{145A6C82-8039-EB1D-8951-76F4F5AF517F}.Release|x64.Build.0 = Release|x64
		{154B857C-0182-860D-AA6E-6C109684020F}.Debug|x64.ActiveCfg = Debug|x64
		{154B857C-0182-860D-AA6E-6C109684020F}.Debug|x64.Build.0 = Debug|x64
		{154B857C-0182-860D-AA6E-6C109684020F}.Dist|x64.ActiveCfg = Dist|x64
		{154B857C-0182-860D-AA6E-6C109684020F}.Dist|x64.Build.0 = Dist|x64
		{154B857C-0182-860D-AA6E-6C109684020F}.Release|x64.ActiveCfg = Release|x64
		{154B857C-0182-860D-AA6E-6C109684020F}.Release|x64.Build.0 = Release|x64
		{716ECB29-5D3C-BF2F-46D0-2F56323D9B94}.Debug|x64.ActiveCfg = Debug|x64
		{716ECB29-5D3C-BF2F-46D0-2F56323D9B94}.Debug|x64.Build.0 = Debug|x64
		{716ECB29-5D3C-BF2F-46D0-2F56323D9B94}.Dist|x64.ActiveCfg = Dist|x64
		{716ECB29-5D3C-BF2F-46D0-2F56323D9B94}.Dist|x64.Build.0 = Dist|x64
		{716ECB29-5D3C-BF2F-46D0-2F56323D9B94}.Release|x64.ActiveCfg = Release|x64
		{716ECB29-5D3C-BF2F-46D0-2F56323D9B94}.Release|x64.Build.0 = Release|x64
	EndGlobalSection
	GlobalSection(SolutionProperties) = preSolution
		HideSolutionNode = FALSE
	EndGlobalSection
EndGlobal
